// !$*UTF8*$!
{
	archiveVersion = 1;
	classes = {
	};
	objectVersion = 50;
	objects = {

/* Begin PBXBuildFile section */
		841E9D39241C74A800225EBC /* AppDelegate.swift in Sources */ = {isa = PBXBuildFile; fileRef = 841E9D38241C74A800225EBC /* AppDelegate.swift */; };
		841E9D3B241C74A800225EBC /* ViewController.swift in Sources */ = {isa = PBXBuildFile; fileRef = 841E9D3A241C74A800225EBC /* ViewController.swift */; };
		841E9D3E241C74A800225EBC /* Main.storyboard in Resources */ = {isa = PBXBuildFile; fileRef = 841E9D3C241C74A800225EBC /* Main.storyboard */; };
		841E9D41241C74A800225EBC /* VIPER_v5.xcdatamodeld in Sources */ = {isa = PBXBuildFile; fileRef = 841E9D3F241C74A800225EBC /* VIPER_v5.xcdatamodeld */; };
		841E9D43241C74AB00225EBC /* Assets.xcassets in Resources */ = {isa = PBXBuildFile; fileRef = 841E9D42241C74AB00225EBC /* Assets.xcassets */; };
		841E9D46241C74AB00225EBC /* LaunchScreen.storyboard in Resources */ = {isa = PBXBuildFile; fileRef = 841E9D44241C74AB00225EBC /* LaunchScreen.storyboard */; };
		841E9D51241C74AB00225EBC /* VIPER_v5Tests.swift in Sources */ = {isa = PBXBuildFile; fileRef = 841E9D50241C74AB00225EBC /* VIPER_v5Tests.swift */; };
		841E9D5C241C74AC00225EBC /* VIPER_v5UITests.swift in Sources */ = {isa = PBXBuildFile; fileRef = 841E9D5B241C74AC00225EBC /* VIPER_v5UITests.swift */; };
/* End PBXBuildFile section */

/* Begin PBXContainerItemProxy section */
		841E9D4D241C74AB00225EBC /* PBXContainerItemProxy */ = {
			isa = PBXContainerItemProxy;
			containerPortal = 841E9D2D241C74A800225EBC /* Project object */;
			proxyType = 1;
			remoteGlobalIDString = 841E9D34241C74A800225EBC;
			remoteInfo = "VIPER v5";
		};
		841E9D58241C74AB00225EBC /* PBXContainerItemProxy */ = {
			isa = PBXContainerItemProxy;
			containerPortal = 841E9D2D241C74A800225EBC /* Project object */;
			proxyType = 1;
			remoteGlobalIDString = 841E9D34241C74A800225EBC;
			remoteInfo = "VIPER v5";
		};
/* End PBXContainerItemProxy section */

/* Begin PBXFileReference section */
		841E9D35241C74A800225EBC /* VIPER v5.app */ = {isa = PBXFileReference; explicitFileType = wrapper.application; includeInIndex = 0; path = "VIPER v5.app"; sourceTree = BUILT_PRODUCTS_DIR; };
		841E9D38241C74A800225EBC /* AppDelegate.swift */ = {isa = PBXFileReference; lastKnownFileType = sourcecode.swift; path = AppDelegate.swift; sourceTree = "<group>"; };
		841E9D3A241C74A800225EBC /* ViewController.swift */ = {isa = PBXFileReference; lastKnownFileType = sourcecode.swift; path = ViewController.swift; sourceTree = "<group>"; };
		841E9D3D241C74A800225EBC /* Base */ = {isa = PBXFileReference; lastKnownFileType = file.storyboard; name = Base; path = Base.lproj/Main.storyboard; sourceTree = "<group>"; };
		841E9D40241C74A800225EBC /* VIPER_v5.xcdatamodel */ = {isa = PBXFileReference; lastKnownFileType = wrapper.xcdatamodel; path = VIPER_v5.xcdatamodel; sourceTree = "<group>"; };
		841E9D42241C74AB00225EBC /* Assets.xcassets */ = {isa = PBXFileReference; lastKnownFileType = folder.assetcatalog; path = Assets.xcassets; sourceTree = "<group>"; };
		841E9D45241C74AB00225EBC /* Base */ = {isa = PBXFileReference; lastKnownFileType = file.storyboard; name = Base; path = Base.lproj/LaunchScreen.storyboard; sourceTree = "<group>"; };
		841E9D47241C74AB00225EBC /* Info.plist */ = {isa = PBXFileReference; lastKnownFileType = text.plist.xml; path = Info.plist; sourceTree = "<group>"; };
		841E9D4C241C74AB00225EBC /* VIPER v5Tests.xctest */ = {isa = PBXFileReference; explicitFileType = wrapper.cfbundle; includeInIndex = 0; path = "VIPER v5Tests.xctest"; sourceTree = BUILT_PRODUCTS_DIR; };
		841E9D50241C74AB00225EBC /* VIPER_v5Tests.swift */ = {isa = PBXFileReference; lastKnownFileType = sourcecode.swift; path = VIPER_v5Tests.swift; sourceTree = "<group>"; };
		841E9D52241C74AB00225EBC /* Info.plist */ = {isa = PBXFileReference; lastKnownFileType = text.plist.xml; path = Info.plist; sourceTree = "<group>"; };
		841E9D57241C74AB00225EBC /* VIPER v5UITests.xctest */ = {isa = PBXFileReference; explicitFileType = wrapper.cfbundle; includeInIndex = 0; path = "VIPER v5UITests.xctest"; sourceTree = BUILT_PRODUCTS_DIR; };
		841E9D5B241C74AC00225EBC /* VIPER_v5UITests.swift */ = {isa = PBXFileReference; lastKnownFileType = sourcecode.swift; path = VIPER_v5UITests.swift; sourceTree = "<group>"; };
		841E9D5D241C74AC00225EBC /* Info.plist */ = {isa = PBXFileReference; lastKnownFileType = text.plist.xml; path = Info.plist; sourceTree = "<group>"; };
/* End PBXFileReference section */

/* Begin PBXFrameworksBuildPhase section */
		841E9D32241C74A800225EBC /* Frameworks */ = {
			isa = PBXFrameworksBuildPhase;
			buildActionMask = 2147483647;
			files = (
			);
			runOnlyForDeploymentPostprocessing = 0;
		};
		841E9D49241C74AB00225EBC /* Frameworks */ = {
			isa = PBXFrameworksBuildPhase;
			buildActionMask = 2147483647;
			files = (
			);
			runOnlyForDeploymentPostprocessing = 0;
		};
		841E9D54241C74AB00225EBC /* Frameworks */ = {
			isa = PBXFrameworksBuildPhase;
			buildActionMask = 2147483647;
			files = (
			);
			runOnlyForDeploymentPostprocessing = 0;
		};
/* End PBXFrameworksBuildPhase section */

/* Begin PBXGroup section */
		841E9D2C241C74A800225EBC = {
			isa = PBXGroup;
			children = (
				841E9D37241C74A800225EBC /* VIPER v5 */,
				841E9D4F241C74AB00225EBC /* VIPER v5Tests */,
				841E9D5A241C74AC00225EBC /* VIPER v5UITests */,
				841E9D36241C74A800225EBC /* Products */,
			);
			sourceTree = "<group>";
		};
		841E9D36241C74A800225EBC /* Products */ = {
			isa = PBXGroup;
			children = (
				841E9D35241C74A800225EBC /* VIPER v5.app */,
				841E9D4C241C74AB00225EBC /* VIPER v5Tests.xctest */,
				841E9D57241C74AB00225EBC /* VIPER v5UITests.xctest */,
			);
			name = Products;
			sourceTree = "<group>";
		};
		841E9D37241C74A800225EBC /* VIPER v5 */ = {
			isa = PBXGroup;
			children = (
				841E9D38241C74A800225EBC /* AppDelegate.swift */,
				841E9D3A241C74A800225EBC /* ViewController.swift */,
				841E9D3C241C74A800225EBC /* Main.storyboard */,
				841E9D42241C74AB00225EBC /* Assets.xcassets */,
				841E9D44241C74AB00225EBC /* LaunchScreen.storyboard */,
				841E9D47241C74AB00225EBC /* Info.plist */,
				841E9D3F241C74A800225EBC /* VIPER_v5.xcdatamodeld */,
			);
			path = "VIPER v5";
			sourceTree = "<group>";
		};
		841E9D4F241C74AB00225EBC /* VIPER v5Tests */ = {
			isa = PBXGroup;
			children = (
				841E9D50241C74AB00225EBC /* VIPER_v5Tests.swift */,
				841E9D52241C74AB00225EBC /* Info.plist */,
			);
			path = "VIPER v5Tests";
			sourceTree = "<group>";
		};
		841E9D5A241C74AC00225EBC /* VIPER v5UITests */ = {
			isa = PBXGroup;
			children = (
				841E9D5B241C74AC00225EBC /* VIPER_v5UITests.swift */,
				841E9D5D241C74AC00225EBC /* Info.plist */,
			);
			path = "VIPER v5UITests";
			sourceTree = "<group>";
		};
/* End PBXGroup section */

/* Begin PBXNativeTarget section */
		841E9D34241C74A800225EBC /* VIPER v5 */ = {
			isa = PBXNativeTarget;
			buildConfigurationList = 841E9D60241C74AC00225EBC /* Build configuration list for PBXNativeTarget "VIPER v5" */;
			buildPhases = (
				841E9D31241C74A800225EBC /* Sources */,
				841E9D32241C74A800225EBC /* Frameworks */,
				841E9D33241C74A800225EBC /* Resources */,
			);
			buildRules = (
			);
			dependencies = (
			);
			name = "VIPER v5";
			productName = "VIPER v5";
			productReference = 841E9D35241C74A800225EBC /* VIPER v5.app */;
			productType = "com.apple.product-type.application";
		};
		841E9D4B241C74AB00225EBC /* VIPER v5Tests */ = {
			isa = PBXNativeTarget;
			buildConfigurationList = 841E9D63241C74AC00225EBC /* Build configuration list for PBXNativeTarget "VIPER v5Tests" */;
			buildPhases = (
				841E9D48241C74AB00225EBC /* Sources */,
				841E9D49241C74AB00225EBC /* Frameworks */,
				841E9D4A241C74AB00225EBC /* Resources */,
			);
			buildRules = (
			);
			dependencies = (
				841E9D4E241C74AB00225EBC /* PBXTargetDependency */,
			);
			name = "VIPER v5Tests";
			productName = "VIPER v5Tests";
			productReference = 841E9D4C241C74AB00225EBC /* VIPER v5Tests.xctest */;
			productType = "com.apple.product-type.bundle.unit-test";
		};
		841E9D56241C74AB00225EBC /* VIPER v5UITests */ = {
			isa = PBXNativeTarget;
			buildConfigurationList = 841E9D66241C74AC00225EBC /* Build configuration list for PBXNativeTarget "VIPER v5UITests" */;
			buildPhases = (
				841E9D53241C74AB00225EBC /* Sources */,
				841E9D54241C74AB00225EBC /* Frameworks */,
				841E9D55241C74AB00225EBC /* Resources */,
			);
			buildRules = (
			);
			dependencies = (
				841E9D59241C74AB00225EBC /* PBXTargetDependency */,
			);
			name = "VIPER v5UITests";
			productName = "VIPER v5UITests";
			productReference = 841E9D57241C74AB00225EBC /* VIPER v5UITests.xctest */;
			productType = "com.apple.product-type.bundle.ui-testing";
		};
/* End PBXNativeTarget section */

/* Begin PBXProject section */
		841E9D2D241C74A800225EBC /* Project object */ = {
			isa = PBXProject;
			attributes = {
				LastSwiftUpdateCheck = 1020;
				LastUpgradeCheck = 1020;
				ORGANIZATIONNAME = com.gizku.viper5;
				TargetAttributes = {
					841E9D34241C74A800225EBC = {
						CreatedOnToolsVersion = 10.2.1;
					};
					841E9D4B241C74AB00225EBC = {
						CreatedOnToolsVersion = 10.2.1;
						TestTargetID = 841E9D34241C74A800225EBC;
					};
					841E9D56241C74AB00225EBC = {
						CreatedOnToolsVersion = 10.2.1;
						TestTargetID = 841E9D34241C74A800225EBC;
					};
				};
			};
			buildConfigurationList = 841E9D30241C74A800225EBC /* Build configuration list for PBXProject "VIPER v5" */;
			compatibilityVersion = "Xcode 9.3";
			developmentRegion = en;
			hasScannedForEncodings = 0;
			knownRegions = (
				en,
				Base,
			);
			mainGroup = 841E9D2C241C74A800225EBC;
			productRefGroup = 841E9D36241C74A800225EBC /* Products */;
			projectDirPath = "";
			projectRoot = "";
			targets = (
				841E9D34241C74A800225EBC /* VIPER v5 */,
				841E9D4B241C74AB00225EBC /* VIPER v5Tests */,
				841E9D56241C74AB00225EBC /* VIPER v5UITests */,
			);
		};
/* End PBXProject section */

/* Begin PBXResourcesBuildPhase section */
		841E9D33241C74A800225EBC /* Resources */ = {
			isa = PBXResourcesBuildPhase;
			buildActionMask = 2147483647;
			files = (
				841E9D46241C74AB00225EBC /* LaunchScreen.storyboard in Resources */,
				841E9D43241C74AB00225EBC /* Assets.xcassets in Resources */,
				841E9D3E241C74A800225EBC /* Main.storyboard in Resources */,
			);
			runOnlyForDeploymentPostprocessing = 0;
		};
		841E9D4A241C74AB00225EBC /* Resources */ = {
			isa = PBXResourcesBuildPhase;
			buildActionMask = 2147483647;
			files = (
			);
			runOnlyForDeploymentPostprocessing = 0;
		};
		841E9D55241C74AB00225EBC /* Resources */ = {
			isa = PBXResourcesBuildPhase;
			buildActionMask = 2147483647;
			files = (
			);
			runOnlyForDeploymentPostprocessing = 0;
		};
/* End PBXResourcesBuildPhase section */

/* Begin PBXSourcesBuildPhase section */
		841E9D31241C74A800225EBC /* Sources */ = {
			isa = PBXSourcesBuildPhase;
			buildActionMask = 2147483647;
			files = (
				841E9D3B241C74A800225EBC /* ViewController.swift in Sources */,
				841E9D41241C74A800225EBC /* VIPER_v5.xcdatamodeld in Sources */,
				841E9D39241C74A800225EBC /* AppDelegate.swift in Sources */,
			);
			runOnlyForDeploymentPostprocessing = 0;
		};
		841E9D48241C74AB00225EBC /* Sources */ = {
			isa = PBXSourcesBuildPhase;
			buildActionMask = 2147483647;
			files = (
				841E9D51241C74AB00225EBC /* VIPER_v5Tests.swift in Sources */,
			);
			runOnlyForDeploymentPostprocessing = 0;
		};
		841E9D53241C74AB00225EBC /* Sources */ = {
			isa = PBXSourcesBuildPhase;
			buildActionMask = 2147483647;
			files = (
				841E9D5C241C74AC00225EBC /* VIPER_v5UITests.swift in Sources */,
			);
			runOnlyForDeploymentPostprocessing = 0;
		};
/* End PBXSourcesBuildPhase section */

/* Begin PBXTargetDependency section */
		841E9D4E241C74AB00225EBC /* PBXTargetDependency */ = {
			isa = PBXTargetDependency;
			target = 841E9D34241C74A800225EBC /* VIPER v5 */;
			targetProxy = 841E9D4D241C74AB00225EBC /* PBXContainerItemProxy */;
		};
		841E9D59241C74AB00225EBC /* PBXTargetDependency */ = {
			isa = PBXTargetDependency;
			target = 841E9D34241C74A800225EBC /* VIPER v5 */;
			targetProxy = 841E9D58241C74AB00225EBC /* PBXContainerItemProxy */;
		};
/* End PBXTargetDependency section */

/* Begin PBXVariantGroup section */
		841E9D3C241C74A800225EBC /* Main.storyboard */ = {
			isa = PBXVariantGroup;
			children = (
				841E9D3D241C74A800225EBC /* Base */,
			);
			name = Main.storyboard;
			sourceTree = "<group>";
		};
		841E9D44241C74AB00225EBC /* LaunchScreen.storyboard */ = {
			isa = PBXVariantGroup;
			children = (
				841E9D45241C74AB00225EBC /* Base */,
			);
			name = LaunchScreen.storyboard;
			sourceTree = "<group>";
		};
/* End PBXVariantGroup section */

/* Begin XCBuildConfiguration section */
		841E9D5E241C74AC00225EBC /* Debug */ = {
			isa = XCBuildConfiguration;
			buildSettings = {
				ALWAYS_SEARCH_USER_PATHS = NO;
				CLANG_ANALYZER_NONNULL = YES;
				CLANG_ANALYZER_NUMBER_OBJECT_CONVERSION = YES_AGGRESSIVE;
				CLANG_CXX_LANGUAGE_STANDARD = "gnu++14";
				CLANG_CXX_LIBRARY = "libc++";
				CLANG_ENABLE_MODULES = YES;
				CLANG_ENABLE_OBJC_ARC = YES;
				CLANG_ENABLE_OBJC_WEAK = YES;
				CLANG_WARN_BLOCK_CAPTURE_AUTORELEASING = YES;
				CLANG_WARN_BOOL_CONVERSION = YES;
				CLANG_WARN_COMMA = YES;
				CLANG_WARN_CONSTANT_CONVERSION = YES;
				CLANG_WARN_DEPRECATED_OBJC_IMPLEMENTATIONS = YES;
				CLANG_WARN_DIRECT_OBJC_ISA_USAGE = YES_ERROR;
				CLANG_WARN_DOCUMENTATION_COMMENTS = YES;
				CLANG_WARN_EMPTY_BODY = YES;
				CLANG_WARN_ENUM_CONVERSION = YES;
				CLANG_WARN_INFINITE_RECURSION = YES;
				CLANG_WARN_INT_CONVERSION = YES;
				CLANG_WARN_NON_LITERAL_NULL_CONVERSION = YES;
				CLANG_WARN_OBJC_IMPLICIT_RETAIN_SELF = YES;
				CLANG_WARN_OBJC_LITERAL_CONVERSION = YES;
				CLANG_WARN_OBJC_ROOT_CLASS = YES_ERROR;
				CLANG_WARN_RANGE_LOOP_ANALYSIS = YES;
				CLANG_WARN_STRICT_PROTOTYPES = YES;
				CLANG_WARN_SUSPICIOUS_MOVE = YES;
				CLANG_WARN_UNGUARDED_AVAILABILITY = YES_AGGRESSIVE;
				CLANG_WARN_UNREACHABLE_CODE = YES;
				CLANG_WARN__DUPLICATE_METHOD_MATCH = YES;
				CODE_SIGN_IDENTITY = "iPhone Developer";
				COPY_PHASE_STRIP = NO;
				DEBUG_INFORMATION_FORMAT = dwarf;
				ENABLE_STRICT_OBJC_MSGSEND = YES;
				ENABLE_TESTABILITY = YES;
				GCC_C_LANGUAGE_STANDARD = gnu11;
				GCC_DYNAMIC_NO_PIC = NO;
				GCC_NO_COMMON_BLOCKS = YES;
				GCC_OPTIMIZATION_LEVEL = 0;
				GCC_PREPROCESSOR_DEFINITIONS = (
					"DEBUG=1",
					"$(inherited)",
				);
				GCC_WARN_64_TO_32_BIT_CONVERSION = YES;
				GCC_WARN_ABOUT_RETURN_TYPE = YES_ERROR;
				GCC_WARN_UNDECLARED_SELECTOR = YES;
				GCC_WARN_UNINITIALIZED_AUTOS = YES_AGGRESSIVE;
				GCC_WARN_UNUSED_FUNCTION = YES;
				GCC_WARN_UNUSED_VARIABLE = YES;
				IPHONEOS_DEPLOYMENT_TARGET = 12.2;
				MTL_ENABLE_DEBUG_INFO = INCLUDE_SOURCE;
				MTL_FAST_MATH = YES;
				ONLY_ACTIVE_ARCH = YES;
				SDKROOT = iphoneos;
				SWIFT_ACTIVE_COMPILATION_CONDITIONS = DEBUG;
				SWIFT_OPTIMIZATION_LEVEL = "-Onone";
			};
			name = Debug;
		};
		841E9D5F241C74AC00225EBC /* Release */ = {
			isa = XCBuildConfiguration;
			buildSettings = {
				ALWAYS_SEARCH_USER_PATHS = NO;
				CLANG_ANALYZER_NONNULL = YES;
				CLANG_ANALYZER_NUMBER_OBJECT_CONVERSION = YES_AGGRESSIVE;
				CLANG_CXX_LANGUAGE_STANDARD = "gnu++14";
				CLANG_CXX_LIBRARY = "libc++";
				CLANG_ENABLE_MODULES = YES;
				CLANG_ENABLE_OBJC_ARC = YES;
				CLANG_ENABLE_OBJC_WEAK = YES;
				CLANG_WARN_BLOCK_CAPTURE_AUTORELEASING = YES;
				CLANG_WARN_BOOL_CONVERSION = YES;
				CLANG_WARN_COMMA = YES;
				CLANG_WARN_CONSTANT_CONVERSION = YES;
				CLANG_WARN_DEPRECATED_OBJC_IMPLEMENTATIONS = YES;
				CLANG_WARN_DIRECT_OBJC_ISA_USAGE = YES_ERROR;
				CLANG_WARN_DOCUMENTATION_COMMENTS = YES;
				CLANG_WARN_EMPTY_BODY = YES;
				CLANG_WARN_ENUM_CONVERSION = YES;
				CLANG_WARN_INFINITE_RECURSION = YES;
				CLANG_WARN_INT_CONVERSION = YES;
				CLANG_WARN_NON_LITERAL_NULL_CONVERSION = YES;
				CLANG_WARN_OBJC_IMPLICIT_RETAIN_SELF = YES;
				CLANG_WARN_OBJC_LITERAL_CONVERSION = YES;
				CLANG_WARN_OBJC_ROOT_CLASS = YES_ERROR;
				CLANG_WARN_RANGE_LOOP_ANALYSIS = YES;
				CLANG_WARN_STRICT_PROTOTYPES = YES;
				CLANG_WARN_SUSPICIOUS_MOVE = YES;
				CLANG_WARN_UNGUARDED_AVAILABILITY = YES_AGGRESSIVE;
				CLANG_WARN_UNREACHABLE_CODE = YES;
				CLANG_WARN__DUPLICATE_METHOD_MATCH = YES;
				CODE_SIGN_IDENTITY = "iPhone Developer";
				COPY_PHASE_STRIP = NO;
				DEBUG_INFORMATION_FORMAT = "dwarf-with-dsym";
				ENABLE_NS_ASSERTIONS = NO;
				ENABLE_STRICT_OBJC_MSGSEND = YES;
				GCC_C_LANGUAGE_STANDARD = gnu11;
				GCC_NO_COMMON_BLOCKS = YES;
				GCC_WARN_64_TO_32_BIT_CONVERSION = YES;
				GCC_WARN_ABOUT_RETURN_TYPE = YES_ERROR;
				GCC_WARN_UNDECLARED_SELECTOR = YES;
				GCC_WARN_UNINITIALIZED_AUTOS = YES_AGGRESSIVE;
				GCC_WARN_UNUSED_FUNCTION = YES;
				GCC_WARN_UNUSED_VARIABLE = YES;
				IPHONEOS_DEPLOYMENT_TARGET = 12.2;
				MTL_ENABLE_DEBUG_INFO = NO;
				MTL_FAST_MATH = YES;
				SDKROOT = iphoneos;
				SWIFT_COMPILATION_MODE = wholemodule;
				SWIFT_OPTIMIZATION_LEVEL = "-O";
				VALIDATE_PRODUCT = YES;
			};
			name = Release;
		};
		841E9D61241C74AC00225EBC /* Debug */ = {
			isa = XCBuildConfiguration;
			buildSettings = {
				ASSETCATALOG_COMPILER_APPICON_NAME = AppIcon;
				CODE_SIGN_STYLE = Automatic;
				DEVELOPMENT_TEAM = NDH6UX7C3W;
				INFOPLIST_FILE = "VIPER v5/Info.plist";
				LD_RUNPATH_SEARCH_PATHS = (
					"$(inherited)",
					"@executable_path/Frameworks",
				);
				PRODUCT_BUNDLE_IDENTIFIER = "com.gizku.viper5.user.VIPER-v5";
				PRODUCT_NAME = "$(TARGET_NAME)";
				SWIFT_VERSION = 5.0;
				TARGETED_DEVICE_FAMILY = "1,2";
			};
			name = Debug;
		};
		841E9D62241C74AC00225EBC /* Release */ = {
			isa = XCBuildConfiguration;
			buildSettings = {
				ASSETCATALOG_COMPILER_APPICON_NAME = AppIcon;
				CODE_SIGN_STYLE = Automatic;
				DEVELOPMENT_TEAM = NDH6UX7C3W;
				INFOPLIST_FILE = "VIPER v5/Info.plist";
				LD_RUNPATH_SEARCH_PATHS = (
					"$(inherited)",
					"@executable_path/Frameworks",
				);
				PRODUCT_BUNDLE_IDENTIFIER = "com.gizku.viper5.user.VIPER-v5";
				PRODUCT_NAME = "$(TARGET_NAME)";
				SWIFT_VERSION = 5.0;
				TARGETED_DEVICE_FAMILY = "1,2";
			};
			name = Release;
		};
		841E9D64241C74AC00225EBC /* Debug */ = {
			isa = XCBuildConfiguration;
			buildSettings = {
				ALWAYS_EMBED_SWIFT_STANDARD_LIBRARIES = YES;
				BUNDLE_LOADER = "$(TEST_HOST)";
				CODE_SIGN_STYLE = Automatic;
				DEVELOPMENT_TEAM = NDH6UX7C3W;
				INFOPLIST_FILE = "VIPER v5Tests/Info.plist";
				LD_RUNPATH_SEARCH_PATHS = (
					"$(inherited)",
					"@executable_path/Frameworks",
					"@loader_path/Frameworks",
				);
				PRODUCT_BUNDLE_IDENTIFIER = "com.gizku.viper5.user.VIPER-v5Tests";
				PRODUCT_NAME = "$(TARGET_NAME)";
				SWIFT_VERSION = 5.0;
				TARGETED_DEVICE_FAMILY = "1,2";
				TEST_HOST = "$(BUILT_PRODUCTS_DIR)/VIPER v5.app/VIPER v5";
			};
			name = Debug;
		};
		841E9D65241C74AC00225EBC /* Release */ = {
			isa = XCBuildConfiguration;
			buildSettings = {
				ALWAYS_EMBED_SWIFT_STANDARD_LIBRARIES = YES;
				BUNDLE_LOADER = "$(TEST_HOST)";
				CODE_SIGN_STYLE = Automatic;
				DEVELOPMENT_TEAM = NDH6UX7C3W;
				INFOPLIST_FILE = "VIPER v5Tests/Info.plist";
				LD_RUNPATH_SEARCH_PATHS = (
					"$(inherited)",
					"@executable_path/Frameworks",
					"@loader_path/Frameworks",
				);
				PRODUCT_BUNDLE_IDENTIFIER = "com.gizku.viper5.user.VIPER-v5Tests";
				PRODUCT_NAME = "$(TARGET_NAME)";
				SWIFT_VERSION = 5.0;
				TARGETED_DEVICE_FAMILY = "1,2";
				TEST_HOST = "$(BUILT_PRODUCTS_DIR)/VIPER v5.app/VIPER v5";
			};
			name = Release;
		};
		841E9D67241C74AC00225EBC /* Debug */ = {
			isa = XCBuildConfiguration;
			buildSettings = {
				ALWAYS_EMBED_SWIFT_STANDARD_LIBRARIES = YES;
				CODE_SIGN_STYLE = Automatic;
				DEVELOPMENT_TEAM = NDH6UX7C3W;
				INFOPLIST_FILE = "VIPER v5UITests/Info.plist";
				LD_RUNPATH_SEARCH_PATHS = (
					"$(inherited)",
					"@executable_path/Frameworks",
					"@loader_path/Frameworks",
				);
				PRODUCT_BUNDLE_IDENTIFIER = "com.gizku.viper5.user.VIPER-v5UITests";
				PRODUCT_NAME = "$(TARGET_NAME)";
				SWIFT_VERSION = 5.0;
				TARGETED_DEVICE_FAMILY = "1,2";
				TEST_TARGET_NAME = "VIPER v5";
			};
			name = Debug;
		};
		841E9D68241C74AC00225EBC /* Release */ = {
			isa = XCBuildConfiguration;
			buildSettings = {
				ALWAYS_EMBED_SWIFT_STANDARD_LIBRARIES = YES;
				CODE_SIGN_STYLE = Automatic;
				DEVELOPMENT_TEAM = NDH6UX7C3W;
				INFOPLIST_FILE = "VIPER v5UITests/Info.plist";
				LD_RUNPATH_SEARCH_PATHS = (
					"$(inherited)",
					"@executable_path/Frameworks",
					"@loader_path/Frameworks",
				);
				PRODUCT_BUNDLE_IDENTIFIER = "com.gizku.viper5.user.VIPER-v5UITests";
				PRODUCT_NAME = "$(TARGET_NAME)";
				SWIFT_VERSION = 5.0;
				TARGETED_DEVICE_FAMILY = "1,2";
				TEST_TARGET_NAME = "VIPER v5";
			};
			name = Release;
		};
/* End XCBuildConfiguration section */

/* Begin XCConfigurationList section */
		841E9D30241C74A800225EBC /* Build configuration list for PBXProject "VIPER v5" */ = {
			isa = XCConfigurationList;
			buildConfigurations = (
				841E9D5E241C74AC00225EBC /* Debug */,
				841E9D5F241C74AC00225EBC /* Release */,
			);
			defaultConfigurationIsVisible = 0;
			defaultConfigurationName = Release;
		};
		841E9D60241C74AC00225EBC /* Build configuration list for PBXNativeTarget "VIPER v5" */ = {
			isa = XCConfigurationList;
			buildConfigurations = (
				841E9D61241C74AC00225EBC /* Debug */,
				841E9D62241C74AC00225EBC /* Release */,
			);
			defaultConfigurationIsVisible = 0;
			defaultConfigurationName = Release;
		};
		841E9D63241C74AC00225EBC /* Build configuration list for PBXNativeTarget "VIPER v5Tests" */ = {
			isa = XCConfigurationList;
			buildConfigurations = (
				841E9D64241C74AC00225EBC /* Debug */,
				841E9D65241C74AC00225EBC /* Release */,
			);
			defaultConfigurationIsVisible = 0;
			defaultConfigurationName = Release;
		};
		841E9D66241C74AC00225EBC /* Build configuration list for PBXNativeTarget "VIPER v5UITests" */ = {
			isa = XCConfigurationList;
			buildConfigurations = (
				841E9D67241C74AC00225EBC /* Debug */,
				841E9D68241C74AC00225EBC /* Release */,
			);
			defaultConfigurationIsVisible = 0;
			defaultConfigurationName = Release;
		};
/* End XCConfigurationList section */

/* Begin XCVersionGroup section */
		841E9D3F241C74A800225EBC /* VIPER_v5.xcdatamodeld */ = {
			isa = XCVersionGroup;
			children = (
				841E9D40241C74A800225EBC /* VIPER_v5.xcdatamodel */,
			);
			currentVersion = 841E9D40241C74A800225EBC /* VIPER_v5.xcdatamodel */;
			path = VIPER_v5.xcdatamodeld;
			sourceTree = "<group>";
			versionGroupType = wrapper.xcdatamodel;
		};
/* End XCVersionGroup section */
	};
	rootObject = 841E9D2D241C74A800225EBC /* Project object */;
}
